
Microsoft Visual Studio Solution File, Format Version 12.00
# Visual Studio Version 16
VisualStudioVersion = 16.0.29001.49
MinimumVisualStudioVersion = 10.0.40219.1
Project("{FAE04EC0-301F-11D3-BF4B-00C04F79EFBC}") = "vmz", "vmz\vmz.csproj", "{D0E93841-04E7-4CEF-AB10-D2A4D41334CE}"
EndProject
Global
	GlobalSection(SolutionConfigurationPlatforms) = preSolution
		Debug|Any CPU = Debug|Any CPU
		Release|Any CPU = Release|Any CPU
	EndGlobalSection
	GlobalSection(ProjectConfigurationPlatforms) = postSolution
		{D0E93841-04E7-4CEF-AB10-D2A4D41334CE}.Debug|Any CPU.ActiveCfg = Debug|Any CPU
		{D0E93841-04E7-4CEF-AB10-D2A4D41334CE}.Debug|Any CPU.Build.0 = Debug|Any CPU
		{D0E93841-04E7-4CEF-AB10-D2A4D41334CE}.Release|Any CPU.ActiveCfg = Release|Any CPU
		{D0E93841-04E7-4CEF-AB10-D2A4D41334CE}.Release|Any CPU.Build.0 = Release|Any CPU
	EndGlobalSection
	GlobalSection(SolutionProperties) = preSolution
		HideSolutionNode = FALSE
	EndGlobalSection
	GlobalSection(ExtensibilityGlobals) = postSolution
		SolutionGuid = {AAE5C906-41CD-4224-9262-E02AF944AE16}
	EndGlobalSection
EndGlobal
